
Microsoft Visual Studio Solution File, Format Version 12.00
# Visual Studio Version 16
VisualStudioVersion = 16.0.31424.327
MinimumVisualStudioVersion = 10.0.40219.1
Project("{9A19103F-16F7-4668-BE54-9A1E7A4F7556}") = "HiddenVilla_Server", "HiddenVilla_Server\HiddenVilla_Server.csproj", "{AF6ABC6B-C8F6-4476-A759-08E6D9A25D5C}"
EndProject
Project("{9A19103F-16F7-4668-BE54-9A1E7A4F7556}") = "DataAccess", "DataAccess\DataAccess.csproj", "{2D948CC9-57FD-4095-89AB-B3A4AB88E60D}"
EndProject
Project("{9A19103F-16F7-4668-BE54-9A1E7A4F7556}") = "Common", "Common\Common.csproj", "{1231C547-552E-4C04-B6E6-D022D3DC5D98}"
EndProject
Project("{9A19103F-16F7-4668-BE54-9A1E7A4F7556}") = "Business", "Business\Business.csproj", "{8095C0DB-A4D3-4518-BE61-C4C46BEBE3F0}"
EndProject
Project("{9A19103F-16F7-4668-BE54-9A1E7A4F7556}") = "Modals", "Modals\Modals.csproj", "{4690903D-8CF3-4A99-90FD-5BB75C849D0D}"
EndProject
Global
	GlobalSection(SolutionConfigurationPlatforms) = preSolution
		Debug|Any CPU = Debug|Any CPU
		Release|Any CPU = Release|Any CPU
	EndGlobalSection
	GlobalSection(ProjectConfigurationPlatforms) = postSolution
		{AF6ABC6B-C8F6-4476-A759-08E6D9A25D5C}.Debug|Any CPU.ActiveCfg = Debug|Any CPU
		{AF6ABC6B-C8F6-4476-A759-08E6D9A25D5C}.Debug|Any CPU.Build.0 = Debug|Any CPU
		{AF6ABC6B-C8F6-4476-A759-08E6D9A25D5C}.Release|Any CPU.ActiveCfg = Release|Any CPU
		{AF6ABC6B-C8F6-4476-A759-08E6D9A25D5C}.Release|Any CPU.Build.0 = Release|Any CPU
		{2D948CC9-57FD-4095-89AB-B3A4AB88E60D}.Debug|Any CPU.ActiveCfg = Debug|Any CPU
		{2D948CC9-57FD-4095-89AB-B3A4AB88E60D}.Debug|Any CPU.Build.0 = Debug|Any CPU
		{2D948CC9-57FD-4095-89AB-B3A4AB88E60D}.Release|Any CPU.ActiveCfg = Release|Any CPU
		{2D948CC9-57FD-4095-89AB-B3A4AB88E60D}.Release|Any CPU.Build.0 = Release|Any CPU
		{1231C547-552E-4C04-B6E6-D022D3DC5D98}.Debug|Any CPU.ActiveCfg = Debug|Any CPU
		{1231C547-552E-4C04-B6E6-D022D3DC5D98}.Debug|Any CPU.Build.0 = Debug|Any CPU
		{1231C547-552E-4C04-B6E6-D022D3DC5D98}.Release|Any CPU.ActiveCfg = Release|Any CPU
		{1231C547-552E-4C04-B6E6-D022D3DC5D98}.Release|Any CPU.Build.0 = Release|Any CPU
		{8095C0DB-A4D3-4518-BE61-C4C46BEBE3F0}.Debug|Any CPU.ActiveCfg = Debug|Any CPU
		{8095C0DB-A4D3-4518-BE61-C4C46BEBE3F0}.Debug|Any CPU.Build.0 = Debug|Any CPU
		{8095C0DB-A4D3-4518-BE61-C4C46BEBE3F0}.Release|Any CPU.ActiveCfg = Release|Any CPU
		{8095C0DB-A4D3-4518-BE61-C4C46BEBE3F0}.Release|Any CPU.Build.0 = Release|Any CPU
		{4690903D-8CF3-4A99-90FD-5BB75C849D0D}.Debug|Any CPU.ActiveCfg = Debug|Any CPU
		{4690903D-8CF3-4A99-90FD-5BB75C849D0D}.Debug|Any CPU.Build.0 = Debug|Any CPU
		{4690903D-8CF3-4A99-90FD-5BB75C849D0D}.Release|Any CPU.ActiveCfg = Release|Any CPU
		{4690903D-8CF3-4A99-90FD-5BB75C849D0D}.Release|Any CPU.Build.0 = Release|Any CPU
	EndGlobalSection
	GlobalSection(SolutionProperties) = preSolution
		HideSolutionNode = FALSE
	EndGlobalSection
	GlobalSection(ExtensibilityGlobals) = postSolution
		SolutionGuid = {91477229-7CD8-41BA-8DEA-A512AE4BA317}
	EndGlobalSection
EndGlobal
